
Microsoft Visual Studio Solution File, Format Version 12.00
# Visual Studio Version 16
VisualStudioVersion = 16.0.30320.27
MinimumVisualStudioVersion = 10.0.40219.1
Project("{FAE04EC0-301F-11D3-BF4B-00C04F79EFBC}") = "CombineAgricultureFarm", "CombineAgricultureFarm\CombineAgricultureFarm.csproj", "{92834EAB-5A06-4782-94AB-14A56F9982B4}"
EndProject
Global
	GlobalSection(SolutionConfigurationPlatforms) = preSolution
		Debug|Any CPU = Debug|Any CPU
		Release|Any CPU = Release|Any CPU
	EndGlobalSection
	GlobalSection(ProjectConfigurationPlatforms) = postSolution
		{92834EAB-5A06-4782-94AB-14A56F9982B4}.Debug|Any CPU.ActiveCfg = Debug|Any CPU
		{92834EAB-5A06-4782-94AB-14A56F9982B4}.Debug|Any CPU.Build.0 = Debug|Any CPU
		{92834EAB-5A06-4782-94AB-14A56F9982B4}.Release|Any CPU.ActiveCfg = Release|Any CPU
		{92834EAB-5A06-4782-94AB-14A56F9982B4}.Release|Any CPU.Build.0 = Release|Any CPU
	EndGlobalSection
	GlobalSection(SolutionProperties) = preSolution
		HideSolutionNode = FALSE
	EndGlobalSection
	GlobalSection(ExtensibilityGlobals) = postSolution
		SolutionGuid = {0E010258-649F-4FE2-92B8-FA887682694E}
	EndGlobalSection
EndGlobal
